{
  "name": "test-jssdk",
  "version": "1.0.0",
  "lockfileVersion": 3,
  "requires": true,
  "packages": {
    "": {
      "name": "test-jssdk",
      "version": "1.0.0",
      "license": "ISC",
      "dependencies": {
        "@report/report-platform-jssdk": "^1.0.6"
      }
    },
    "node_modules/@report/report-platform-jssdk": {
      "version": "1.0.6",
      "resolved": "https://engci-maven.cisco.com/artifactory/api/npm/pda-npm/@report/report-platform-jssdk/-/@report/report-platform-jssdk-1.0.6.tgz",
      "integrity": "sha512-Km+1+mIlDnpIr+0R9Gn0gkG+NsHXUYwbPWqXbPPSwRWMMsrzY4FKdoqBucx4MLOOVFb/NJ/WBfWsGnqXoWDtYw=="
    }
  }
}
